# @generated - this file is auto-generated by `mise lock` https://mise.jdx.dev/dev-tools/mise-lock.html

[[tools.act]]
version = "0.2.87"
backend = "aqua:nektos/act"

[tools.act."platforms.linux-arm64"]
checksum = "sha256:c17a9fe2428a4824f61248ceb8e93db8de95d9163b0f2651ec5ccea0e6f4edc8"
url = "https://github.com/nektos/act/releases/download/v0.2.87/act_Linux_arm64.tar.gz"

[tools.act."platforms.linux-x64"]
checksum = "sha256:9bbfca7d779f71746233ec65e47fdcb12c4c976c1c97ec085956976fcabee866"
url = "https://github.com/nektos/act/releases/download/v0.2.87/act_Linux_x86_64.tar.gz"

[tools.act."platforms.macos-arm64"]
checksum = "sha256:dab0091c6f8229f955b83e3822aa24375f7a2852279d5a262446361cc3559d88"
url = "https://github.com/nektos/act/releases/download/v0.2.87/act_Darwin_arm64.tar.gz"

[tools.act."platforms.macos-x64"]
checksum = "sha256:41077f98142b02e0bb45b181f57a068f6af86ce887d578a4da1a901b1d8f240a"
url = "https://github.com/nektos/act/releases/download/v0.2.87/act_Darwin_x86_64.tar.gz"

[tools.act."platforms.windows-x64"]
checksum = "sha256:bb7c654b27d79fb98947e22ff846408ef8f93aab90dba6af3656b503b8811966"
url = "https://github.com/nektos/act/releases/download/v0.2.87/act_Windows_x86_64.zip"

[[tools.pre-commit]]
version = "4.5.1"
backend = "aqua:pre-commit/pre-commit"

[[tools.python]]
version = "3.14.2"
backend = "core:python"
